
Microsoft Visual Studio Solution File, Format Version 12.00
# Visual Studio 14
VisualStudioVersion = 14.0.25420.1
MinimumVisualStudioVersion = 10.0.40219.1
Project("{2150E333-8FDC-42A3-9474-1A3956D46DE8}") = "Engine", "Engine", "{006DB04E-D4FC-408E-8322-178D439AEF22}"
EndProject
Project("{2150E333-8FDC-42A3-9474-1A3956D46DE8}") = "Games", "Games", "{C225436D-8CF3-4B0E-B53B-A5644A342BDE}"
EndProject
Project("{8BC9CEB8-8B4A-11D0-8D11-00A0C91BC942}") = "UE4", "Intermediate\ProjectFiles\UE4.vcxproj", "{D524C1BF-AD6A-4AFB-99F9-268984C72F6C}"
EndProject
Project("{8BC9CEB8-8B4A-11D0-8D11-00A0C91BC942}") = "BuildingEscape", "Intermediate\ProjectFiles\BuildingEscape.vcxproj", "{DDEAF45C-8264-43AB-8C95-065148EAB445}"
EndProject
Global
	GlobalSection(SolutionConfigurationPlatforms) = preSolution
		DebugGame Editor|HTML5 = DebugGame Editor|HTML5
		DebugGame Editor|Win32 = DebugGame Editor|Win32
		DebugGame Editor|Win64 = DebugGame Editor|Win64
		DebugGame|HTML5 = DebugGame|HTML5
		DebugGame|Win32 = DebugGame|Win32
		DebugGame|Win64 = DebugGame|Win64
		Development Editor|HTML5 = Development Editor|HTML5
		Development Editor|Win32 = Development Editor|Win32
		Development Editor|Win64 = Development Editor|Win64
		Development|HTML5 = Development|HTML5
		Development|Win32 = Development|Win32
		Development|Win64 = Development|Win64
		Shipping|HTML5 = Shipping|HTML5
		Shipping|Win32 = Shipping|Win32
		Shipping|Win64 = Shipping|Win64
	EndGlobalSection
	GlobalSection(ProjectConfigurationPlatforms) = postSolution
		{D524C1BF-AD6A-4AFB-99F9-268984C72F6C}.DebugGame Editor|HTML5.ActiveCfg = BuiltWithUnrealBuildTool|Win32
		{D524C1BF-AD6A-4AFB-99F9-268984C72F6C}.DebugGame Editor|HTML5.Build.0 = BuiltWithUnrealBuildTool|Win32
		{D524C1BF-AD6A-4AFB-99F9-268984C72F6C}.DebugGame Editor|Win32.ActiveCfg = BuiltWithUnrealBuildTool|Win32
		{D524C1BF-AD6A-4AFB-99F9-268984C72F6C}.DebugGame Editor|Win32.Build.0 = BuiltWithUnrealBuildTool|Win32
		{D524C1BF-AD6A-4AFB-99F9-268984C72F6C}.DebugGame Editor|Win64.ActiveCfg = BuiltWithUnrealBuildTool|Win32
		{D524C1BF-AD6A-4AFB-99F9-268984C72F6C}.DebugGame Editor|Win64.Build.0 = BuiltWithUnrealBuildTool|Win32
		{D524C1BF-AD6A-4AFB-99F9-268984C72F6C}.DebugGame|HTML5.ActiveCfg = BuiltWithUnrealBuildTool|Win32
		{D524C1BF-AD6A-4AFB-99F9-268984C72F6C}.DebugGame|HTML5.Build.0 = BuiltWithUnrealBuildTool|Win32
		{D524C1BF-AD6A-4AFB-99F9-268984C72F6C}.DebugGame|Win32.ActiveCfg = BuiltWithUnrealBuildTool|Win32
		{D524C1BF-AD6A-4AFB-99F9-268984C72F6C}.DebugGame|Win32.Build.0 = BuiltWithUnrealBuildTool|Win32
		{D524C1BF-AD6A-4AFB-99F9-268984C72F6C}.DebugGame|Win64.ActiveCfg = BuiltWithUnrealBuildTool|Win32
		{D524C1BF-AD6A-4AFB-99F9-268984C72F6C}.DebugGame|Win64.Build.0 = BuiltWithUnrealBuildTool|Win32
		{D524C1BF-AD6A-4AFB-99F9-268984C72F6C}.Development Editor|HTML5.ActiveCfg = BuiltWithUnrealBuildTool|Win32
		{D524C1BF-AD6A-4AFB-99F9-268984C72F6C}.Development Editor|HTML5.Build.0 = BuiltWithUnrealBuildTool|Win32
		{D524C1BF-AD6A-4AFB-99F9-268984C72F6C}.Development Editor|Win32.ActiveCfg = BuiltWithUnrealBuildTool|Win32
		{D524C1BF-AD6A-4AFB-99F9-268984C72F6C}.Development Editor|Win32.Build.0 = BuiltWithUnrealBuildTool|Win32
		{D524C1BF-AD6A-4AFB-99F9-268984C72F6C}.Development Editor|Win64.ActiveCfg = BuiltWithUnrealBuildTool|Win32
		{D524C1BF-AD6A-4AFB-99F9-268984C72F6C}.Development Editor|Win64.Build.0 = BuiltWithUnrealBuildTool|Win32
		{D524C1BF-AD6A-4AFB-99F9-268984C72F6C}.Development|HTML5.ActiveCfg = BuiltWithUnrealBuildTool|Win32
		{D524C1BF-AD6A-4AFB-99F9-268984C72F6C}.Development|HTML5.Build.0 = BuiltWithUnrealBuildTool|Win32
		{D524C1BF-AD6A-4AFB-99F9-268984C72F6C}.Development|Win32.ActiveCfg = BuiltWithUnrealBuildTool|Win32
		{D524C1BF-AD6A-4AFB-99F9-268984C72F6C}.Development|Win32.Build.0 = BuiltWithUnrealBuildTool|Win32
		{D524C1BF-AD6A-4AFB-99F9-268984C72F6C}.Development|Win64.ActiveCfg = BuiltWithUnrealBuildTool|Win32
		{D524C1BF-AD6A-4AFB-99F9-268984C72F6C}.Development|Win64.Build.0 = BuiltWithUnrealBuildTool|Win32
		{D524C1BF-AD6A-4AFB-99F9-268984C72F6C}.Shipping|HTML5.ActiveCfg = BuiltWithUnrealBuildTool|Win32
		{D524C1BF-AD6A-4AFB-99F9-268984C72F6C}.Shipping|HTML5.Build.0 = BuiltWithUnrealBuildTool|Win32
		{D524C1BF-AD6A-4AFB-99F9-268984C72F6C}.Shipping|Win32.ActiveCfg = BuiltWithUnrealBuildTool|Win32
		{D524C1BF-AD6A-4AFB-99F9-268984C72F6C}.Shipping|Win32.Build.0 = BuiltWithUnrealBuildTool|Win32
		{D524C1BF-AD6A-4AFB-99F9-268984C72F6C}.Shipping|Win64.ActiveCfg = BuiltWithUnrealBuildTool|Win32
		{D524C1BF-AD6A-4AFB-99F9-268984C72F6C}.Shipping|Win64.Build.0 = BuiltWithUnrealBuildTool|Win32
		{DDEAF45C-8264-43AB-8C95-065148EAB445}.DebugGame Editor|HTML5.ActiveCfg = HTML5_DebugGame_Editor|Win32
		{DDEAF45C-8264-43AB-8C95-065148EAB445}.DebugGame Editor|Win32.ActiveCfg = DebugGame_Editor|Win32
		{DDEAF45C-8264-43AB-8C95-065148EAB445}.DebugGame Editor|Win64.ActiveCfg = DebugGame_Editor|x64
		{DDEAF45C-8264-43AB-8C95-065148EAB445}.DebugGame Editor|Win64.Build.0 = DebugGame_Editor|x64
		{DDEAF45C-8264-43AB-8C95-065148EAB445}.DebugGame|HTML5.ActiveCfg = HTML5_DebugGame_Game|Win32
		{DDEAF45C-8264-43AB-8C95-065148EAB445}.DebugGame|HTML5.Build.0 = HTML5_DebugGame_Game|Win32
		{DDEAF45C-8264-43AB-8C95-065148EAB445}.DebugGame|Win32.ActiveCfg = DebugGame_Game|Win32
		{DDEAF45C-8264-43AB-8C95-065148EAB445}.DebugGame|Win32.Build.0 = DebugGame_Game|Win32
		{DDEAF45C-8264-43AB-8C95-065148EAB445}.DebugGame|Win64.ActiveCfg = DebugGame_Game|x64
		{DDEAF45C-8264-43AB-8C95-065148EAB445}.DebugGame|Win64.Build.0 = DebugGame_Game|x64
		{DDEAF45C-8264-43AB-8C95-065148EAB445}.Development Editor|HTML5.ActiveCfg = HTML5_Development_Editor|Win32
		{DDEAF45C-8264-43AB-8C95-065148EAB445}.Development Editor|Win32.ActiveCfg = Development_Editor|Win32
		{DDEAF45C-8264-43AB-8C95-065148EAB445}.Development Editor|Win64.ActiveCfg = Development_Editor|x64
		{DDEAF45C-8264-43AB-8C95-065148EAB445}.Development Editor|Win64.Build.0 = Development_Editor|x64
		{DDEAF45C-8264-43AB-8C95-065148EAB445}.Development|HTML5.ActiveCfg = HTML5_Development_Game|Win32
		{DDEAF45C-8264-43AB-8C95-065148EAB445}.Development|HTML5.Build.0 = HTML5_Development_Game|Win32
		{DDEAF45C-8264-43AB-8C95-065148EAB445}.Development|Win32.ActiveCfg = Development_Game|Win32
		{DDEAF45C-8264-43AB-8C95-065148EAB445}.Development|Win32.Build.0 = Development_Game|Win32
		{DDEAF45C-8264-43AB-8C95-065148EAB445}.Development|Win64.ActiveCfg = Development_Game|x64
		{DDEAF45C-8264-43AB-8C95-065148EAB445}.Development|Win64.Build.0 = Development_Game|x64
		{DDEAF45C-8264-43AB-8C95-065148EAB445}.Shipping|HTML5.ActiveCfg = HTML5_Shipping_Game|Win32
		{DDEAF45C-8264-43AB-8C95-065148EAB445}.Shipping|HTML5.Build.0 = HTML5_Shipping_Game|Win32
		{DDEAF45C-8264-43AB-8C95-065148EAB445}.Shipping|Win32.ActiveCfg = Shipping_Game|Win32
		{DDEAF45C-8264-43AB-8C95-065148EAB445}.Shipping|Win32.Build.0 = Shipping_Game|Win32
		{DDEAF45C-8264-43AB-8C95-065148EAB445}.Shipping|Win64.ActiveCfg = Shipping_Game|x64
		{DDEAF45C-8264-43AB-8C95-065148EAB445}.Shipping|Win64.Build.0 = Shipping_Game|x64
	EndGlobalSection
	GlobalSection(SolutionProperties) = preSolution
		HideSolutionNode = FALSE
	EndGlobalSection
	GlobalSection(NestedProjects) = preSolution
		{D524C1BF-AD6A-4AFB-99F9-268984C72F6C} = {006DB04E-D4FC-408E-8322-178D439AEF22}
		{DDEAF45C-8264-43AB-8C95-065148EAB445} = {C225436D-8CF3-4B0E-B53B-A5644A342BDE}
	EndGlobalSection
EndGlobal
